// !$*UTF8*$!
{
	archiveVersion = 1;
	classes = {
	};
	objectVersion = 50;
	objects = {

/* Begin PBXBuildFile section */
		A3EF0A9425E02D59004BD402 /* AppDelegate.swift in Sources */ = {isa = PBXBuildFile; fileRef = A3EF0A9325E02D59004BD402 /* AppDelegate.swift */; };
		A3EF0A9B25E02D59004BD402 /* Main.storyboard in Resources */ = {isa = PBXBuildFile; fileRef = A3EF0A9925E02D59004BD402 /* Main.storyboard */; };
		A3EF0A9D25E02D5B004BD402 /* Assets.xcassets in Resources */ = {isa = PBXBuildFile; fileRef = A3EF0A9C25E02D5B004BD402 /* Assets.xcassets */; };
		A3EF0AA025E02D5B004BD402 /* LaunchScreen.storyboard in Resources */ = {isa = PBXBuildFile; fileRef = A3EF0A9E25E02D5B004BD402 /* LaunchScreen.storyboard */; };
		A3EF0ABC25E031D7004BD402 /* WalkthroughControllerDataSource.swift in Sources */ = {isa = PBXBuildFile; fileRef = A3EF0AB725E031D7004BD402 /* WalkthroughControllerDataSource.swift */; };
		A3EF0ABD25E031D7004BD402 /* WalkthroughPopUp.swift in Sources */ = {isa = PBXBuildFile; fileRef = A3EF0AB825E031D7004BD402 /* WalkthroughPopUp.swift */; };
		A3EF0ABE25E031D7004BD402 /* WalkthroughConfigurations.swift in Sources */ = {isa = PBXBuildFile; fileRef = A3EF0AB925E031D7004BD402 /* WalkthroughConfigurations.swift */; };
		A3EF0ABF25E031D7004BD402 /* WalkthroughController.swift in Sources */ = {isa = PBXBuildFile; fileRef = A3EF0ABA25E031D7004BD402 /* WalkthroughController.swift */; };
		A3EF0AC025E031D7004BD402 /* WalkthroughControllerDelegate.swift in Sources */ = {isa = PBXBuildFile; fileRef = A3EF0ABB25E031D7004BD402 /* WalkthroughControllerDelegate.swift */; };
		A3EF0ACD25E0428E004BD402 /* UIView+Extension.swift in Sources */ = {isa = PBXBuildFile; fileRef = A3EF0ACB25E0428E004BD402 /* UIView+Extension.swift */; };
		A3EF0ACE25E0428E004BD402 /* CGFloat+Extension.swift in Sources */ = {isa = PBXBuildFile; fileRef = A3EF0ACC25E0428E004BD402 /* CGFloat+Extension.swift */; };
		A3EF0AD125E04603004BD402 /* TestViewController.swift in Sources */ = {isa = PBXBuildFile; fileRef = A3EF0AD025E04603004BD402 /* TestViewController.swift */; };
/* End PBXBuildFile section */

/* Begin PBXFileReference section */
		A3EF0A9025E02D59004BD402 /* Walkthrough.app */ = {isa = PBXFileReference; explicitFileType = wrapper.application; includeInIndex = 0; path = Walkthrough.app; sourceTree = BUILT_PRODUCTS_DIR; };
		A3EF0A9325E02D59004BD402 /* AppDelegate.swift */ = {isa = PBXFileReference; lastKnownFileType = sourcecode.swift; path = AppDelegate.swift; sourceTree = "<group>"; };
		A3EF0A9A25E02D59004BD402 /* Base */ = {isa = PBXFileReference; lastKnownFileType = file.storyboard; name = Base; path = Base.lproj/Main.storyboard; sourceTree = "<group>"; };
		A3EF0A9C25E02D5B004BD402 /* Assets.xcassets */ = {isa = PBXFileReference; lastKnownFileType = folder.assetcatalog; path = Assets.xcassets; sourceTree = "<group>"; };
		A3EF0A9F25E02D5B004BD402 /* Base */ = {isa = PBXFileReference; lastKnownFileType = file.storyboard; name = Base; path = Base.lproj/LaunchScreen.storyboard; sourceTree = "<group>"; };
		A3EF0AA125E02D5B004BD402 /* Info.plist */ = {isa = PBXFileReference; lastKnownFileType = text.plist.xml; path = Info.plist; sourceTree = "<group>"; };
		A3EF0AB725E031D7004BD402 /* WalkthroughControllerDataSource.swift */ = {isa = PBXFileReference; fileEncoding = 4; lastKnownFileType = sourcecode.swift; path = WalkthroughControllerDataSource.swift; sourceTree = "<group>"; };
		A3EF0AB825E031D7004BD402 /* WalkthroughPopUp.swift */ = {isa = PBXFileReference; fileEncoding = 4; lastKnownFileType = sourcecode.swift; path = WalkthroughPopUp.swift; sourceTree = "<group>"; };
		A3EF0AB925E031D7004BD402 /* WalkthroughConfigurations.swift */ = {isa = PBXFileReference; fileEncoding = 4; lastKnownFileType = sourcecode.swift; path = WalkthroughConfigurations.swift; sourceTree = "<group>"; };
		A3EF0ABA25E031D7004BD402 /* WalkthroughController.swift */ = {isa = PBXFileReference; fileEncoding = 4; lastKnownFileType = sourcecode.swift; path = WalkthroughController.swift; sourceTree = "<group>"; };
		A3EF0ABB25E031D7004BD402 /* WalkthroughControllerDelegate.swift */ = {isa = PBXFileReference; fileEncoding = 4; lastKnownFileType = sourcecode.swift; path = WalkthroughControllerDelegate.swift; sourceTree = "<group>"; };
		A3EF0ACB25E0428E004BD402 /* UIView+Extension.swift */ = {isa = PBXFileReference; fileEncoding = 4; lastKnownFileType = sourcecode.swift; path = "UIView+Extension.swift"; sourceTree = "<group>"; };
		A3EF0ACC25E0428E004BD402 /* CGFloat+Extension.swift */ = {isa = PBXFileReference; fileEncoding = 4; lastKnownFileType = sourcecode.swift; path = "CGFloat+Extension.swift"; sourceTree = "<group>"; };
		A3EF0AD025E04603004BD402 /* TestViewController.swift */ = {isa = PBXFileReference; lastKnownFileType = sourcecode.swift; path = TestViewController.swift; sourceTree = "<group>"; };
/* End PBXFileReference section */

/* Begin PBXFrameworksBuildPhase section */
		A3EF0A8D25E02D59004BD402 /* Frameworks */ = {
			isa = PBXFrameworksBuildPhase;
			buildActionMask = 2147483647;
			files = (
			);
			runOnlyForDeploymentPostprocessing = 0;
		};
/* End PBXFrameworksBuildPhase section */

/* Begin PBXGroup section */
		A30856F1275CF2F200EB5B87 /* Source */ = {
			isa = PBXGroup;
			children = (
				A3EF0AB925E031D7004BD402 /* WalkthroughConfigurations.swift */,
				A3EF0ABA25E031D7004BD402 /* WalkthroughController.swift */,
				A3EF0AB725E031D7004BD402 /* WalkthroughControllerDataSource.swift */,
				A3EF0ABB25E031D7004BD402 /* WalkthroughControllerDelegate.swift */,
				A3EF0AB825E031D7004BD402 /* WalkthroughPopUp.swift */,
			);
			path = Source;
			sourceTree = "<group>";
		};
		A30856F2275CF2FB00EB5B87 /* Example */ = {
			isa = PBXGroup;
			children = (
				A3EF0AD025E04603004BD402 /* TestViewController.swift */,
			);
			path = Example;
			sourceTree = "<group>";
		};
		A3EF0A8725E02D59004BD402 = {
			isa = PBXGroup;
			children = (
				A3EF0A9225E02D59004BD402 /* Walkthrough */,
				A3EF0A9125E02D59004BD402 /* Products */,
			);
			sourceTree = "<group>";
		};
		A3EF0A9125E02D59004BD402 /* Products */ = {
			isa = PBXGroup;
			children = (
				A3EF0A9025E02D59004BD402 /* Walkthrough.app */,
			);
			name = Products;
			sourceTree = "<group>";
		};
		A3EF0A9225E02D59004BD402 /* Walkthrough */ = {
			isa = PBXGroup;
			children = (
				A30856F2275CF2FB00EB5B87 /* Example */,
				A30856F1275CF2F200EB5B87 /* Source */,
				A3EF0A9325E02D59004BD402 /* AppDelegate.swift */,
				A3EF0A9925E02D59004BD402 /* Main.storyboard */,
				A3EF0A9C25E02D5B004BD402 /* Assets.xcassets */,
				A3EF0A9E25E02D5B004BD402 /* LaunchScreen.storyboard */,
				A3EF0AA125E02D5B004BD402 /* Info.plist */,
				A3EF0ACA25E0428E004BD402 /* Utils */,
			);
			path = Walkthrough;
			sourceTree = "<group>";
		};
		A3EF0ACA25E0428E004BD402 /* Utils */ = {
			isa = PBXGroup;
			children = (
				A3EF0ACB25E0428E004BD402 /* UIView+Extension.swift */,
				A3EF0ACC25E0428E004BD402 /* CGFloat+Extension.swift */,
			);
			path = Utils;
			sourceTree = "<group>";
		};
/* End PBXGroup section */

/* Begin PBXNativeTarget section */
		A3EF0A8F25E02D59004BD402 /* Walkthrough */ = {
			isa = PBXNativeTarget;
			buildConfigurationList = A3EF0AA425E02D5B004BD402 /* Build configuration list for PBXNativeTarget "Walkthrough" */;
			buildPhases = (
				A3EF0A8C25E02D59004BD402 /* Sources */,
				A3EF0A8D25E02D59004BD402 /* Frameworks */,
				A3EF0A8E25E02D59004BD402 /* Resources */,
			);
			buildRules = (
			);
			dependencies = (
			);
			name = Walkthrough;
			productName = Walkthrough;
			productReference = A3EF0A9025E02D59004BD402 /* Walkthrough.app */;
			productType = "com.apple.product-type.application";
		};
/* End PBXNativeTarget section */

/* Begin PBXProject section */
		A3EF0A8825E02D59004BD402 /* Project object */ = {
			isa = PBXProject;
			attributes = {
				LastSwiftUpdateCheck = 1230;
				LastUpgradeCheck = 1230;
				TargetAttributes = {
					A3EF0A8F25E02D59004BD402 = {
						CreatedOnToolsVersion = 12.3;
					};
				};
			};
			buildConfigurationList = A3EF0A8B25E02D59004BD402 /* Build configuration list for PBXProject "Walkthrough" */;
			compatibilityVersion = "Xcode 9.3";
			developmentRegion = en;
			hasScannedForEncodings = 0;
			knownRegions = (
				en,
				Base,
			);
			mainGroup = A3EF0A8725E02D59004BD402;
			productRefGroup = A3EF0A9125E02D59004BD402 /* Products */;
			projectDirPath = "";
			projectRoot = "";
			targets = (
				A3EF0A8F25E02D59004BD402 /* Walkthrough */,
			);
		};
/* End PBXProject section */

/* Begin PBXResourcesBuildPhase section */
		A3EF0A8E25E02D59004BD402 /* Resources */ = {
			isa = PBXResourcesBuildPhase;
			buildActionMask = 2147483647;
			files = (
				A3EF0AA025E02D5B004BD402 /* LaunchScreen.storyboard in Resources */,
				A3EF0A9D25E02D5B004BD402 /* Assets.xcassets in Resources */,
				A3EF0A9B25E02D59004BD402 /* Main.storyboard in Resources */,
			);
			runOnlyForDeploymentPostprocessing = 0;
		};
/* End PBXResourcesBuildPhase section */

/* Begin PBXSourcesBuildPhase section */
		A3EF0A8C25E02D59004BD402 /* Sources */ = {
			isa = PBXSourcesBuildPhase;
			buildActionMask = 2147483647;
			files = (
				A3EF0A9425E02D59004BD402 /* AppDelegate.swift in Sources */,
				A3EF0ACD25E0428E004BD402 /* UIView+Extension.swift in Sources */,
				A3EF0ACE25E0428E004BD402 /* CGFloat+Extension.swift in Sources */,
				A3EF0ABE25E031D7004BD402 /* WalkthroughConfigurations.swift in Sources */,
				A3EF0ABF25E031D7004BD402 /* WalkthroughController.swift in Sources */,
				A3EF0ABD25E031D7004BD402 /* WalkthroughPopUp.swift in Sources */,
				A3EF0ABC25E031D7004BD402 /* WalkthroughControllerDataSource.swift in Sources */,
				A3EF0AD125E04603004BD402 /* TestViewController.swift in Sources */,
				A3EF0AC025E031D7004BD402 /* WalkthroughControllerDelegate.swift in Sources */,
			);
			runOnlyForDeploymentPostprocessing = 0;
		};
/* End PBXSourcesBuildPhase section */

/* Begin PBXVariantGroup section */
		A3EF0A9925E02D59004BD402 /* Main.storyboard */ = {
			isa = PBXVariantGroup;
			children = (
				A3EF0A9A25E02D59004BD402 /* Base */,
			);
			name = Main.storyboard;
			sourceTree = "<group>";
		};
		A3EF0A9E25E02D5B004BD402 /* LaunchScreen.storyboard */ = {
			isa = PBXVariantGroup;
			children = (
				A3EF0A9F25E02D5B004BD402 /* Base */,
			);
			name = LaunchScreen.storyboard;
			sourceTree = "<group>";
		};
/* End PBXVariantGroup section */

/* Begin XCBuildConfiguration section */
		A3EF0AA225E02D5B004BD402 /* Debug */ = {
			isa = XCBuildConfiguration;
			buildSettings = {
				ALWAYS_SEARCH_USER_PATHS = NO;
				CLANG_ANALYZER_NONNULL = YES;
				CLANG_ANALYZER_NUMBER_OBJECT_CONVERSION = YES_AGGRESSIVE;
				CLANG_CXX_LANGUAGE_STANDARD = "gnu++14";
				CLANG_CXX_LIBRARY = "libc++";
				CLANG_ENABLE_MODULES = YES;
				CLANG_ENABLE_OBJC_ARC = YES;
				CLANG_ENABLE_OBJC_WEAK = YES;
				CLANG_WARN_BLOCK_CAPTURE_AUTORELEASING = YES;
				CLANG_WARN_BOOL_CONVERSION = YES;
				CLANG_WARN_COMMA = YES;
				CLANG_WARN_CONSTANT_CONVERSION = YES;
				CLANG_WARN_DEPRECATED_OBJC_IMPLEMENTATIONS = YES;
				CLANG_WARN_DIRECT_OBJC_ISA_USAGE = YES_ERROR;
				CLANG_WARN_DOCUMENTATION_COMMENTS = YES;
				CLANG_WARN_EMPTY_BODY = YES;
				CLANG_WARN_ENUM_CONVERSION = YES;
				CLANG_WARN_INFINITE_RECURSION = YES;
				CLANG_WARN_INT_CONVERSION = YES;
				CLANG_WARN_NON_LITERAL_NULL_CONVERSION = YES;
				CLANG_WARN_OBJC_IMPLICIT_RETAIN_SELF = YES;
				CLANG_WARN_OBJC_LITERAL_CONVERSION = YES;
				CLANG_WARN_OBJC_ROOT_CLASS = YES_ERROR;
				CLANG_WARN_QUOTED_INCLUDE_IN_FRAMEWORK_HEADER = YES;
				CLANG_WARN_RANGE_LOOP_ANALYSIS = YES;
				CLANG_WARN_STRICT_PROTOTYPES = YES;
				CLANG_WARN_SUSPICIOUS_MOVE = YES;
				CLANG_WARN_UNGUARDED_AVAILABILITY = YES_AGGRESSIVE;
				CLANG_WARN_UNREACHABLE_CODE = YES;
				CLANG_WARN__DUPLICATE_METHOD_MATCH = YES;
				COPY_PHASE_STRIP = NO;
				DEBUG_INFORMATION_FORMAT = dwarf;
				ENABLE_STRICT_OBJC_MSGSEND = YES;
				ENABLE_TESTABILITY = YES;
				GCC_C_LANGUAGE_STANDARD = gnu11;
				GCC_DYNAMIC_NO_PIC = NO;
				GCC_NO_COMMON_BLOCKS = YES;
				GCC_OPTIMIZATION_LEVEL = 0;
				GCC_PREPROCESSOR_DEFINITIONS = (
					"DEBUG=1",
					"$(inherited)",
				);
				GCC_WARN_64_TO_32_BIT_CONVERSION = YES;
				GCC_WARN_ABOUT_RETURN_TYPE = YES_ERROR;
				GCC_WARN_UNDECLARED_SELECTOR = YES;
				GCC_WARN_UNINITIALIZED_AUTOS = YES_AGGRESSIVE;
				GCC_WARN_UNUSED_FUNCTION = YES;
				GCC_WARN_UNUSED_VARIABLE = YES;
				IPHONEOS_DEPLOYMENT_TARGET = 14.3;
				MTL_ENABLE_DEBUG_INFO = INCLUDE_SOURCE;
				MTL_FAST_MATH = YES;
				ONLY_ACTIVE_ARCH = YES;
				SDKROOT = iphoneos;
				SWIFT_ACTIVE_COMPILATION_CONDITIONS = DEBUG;
				SWIFT_OPTIMIZATION_LEVEL = "-Onone";
			};
			name = Debug;
		};
		A3EF0AA325E02D5B004BD402 /* Release */ = {
			isa = XCBuildConfiguration;
			buildSettings = {
				ALWAYS_SEARCH_USER_PATHS = NO;
				CLANG_ANALYZER_NONNULL = YES;
				CLANG_ANALYZER_NUMBER_OBJECT_CONVERSION = YES_AGGRESSIVE;
				CLANG_CXX_LANGUAGE_STANDARD = "gnu++14";
				CLANG_CXX_LIBRARY = "libc++";
				CLANG_ENABLE_MODULES = YES;
				CLANG_ENABLE_OBJC_ARC = YES;
				CLANG_ENABLE_OBJC_WEAK = YES;
				CLANG_WARN_BLOCK_CAPTURE_AUTORELEASING = YES;
				CLANG_WARN_BOOL_CONVERSION = YES;
				CLANG_WARN_COMMA = YES;
				CLANG_WARN_CONSTANT_CONVERSION = YES;
				CLANG_WARN_DEPRECATED_OBJC_IMPLEMENTATIONS = YES;
				CLANG_WARN_DIRECT_OBJC_ISA_USAGE = YES_ERROR;
				CLANG_WARN_DOCUMENTATION_COMMENTS = YES;
				CLANG_WARN_EMPTY_BODY = YES;
				CLANG_WARN_ENUM_CONVERSION = YES;
				CLANG_WARN_INFINITE_RECURSION = YES;
				CLANG_WARN_INT_CONVERSION = YES;
				CLANG_WARN_NON_LITERAL_NULL_CONVERSION = YES;
				CLANG_WARN_OBJC_IMPLICIT_RETAIN_SELF = YES;
				CLANG_WARN_OBJC_LITERAL_CONVERSION = YES;
				CLANG_WARN_OBJC_ROOT_CLASS = YES_ERROR;
				CLANG_WARN_QUOTED_INCLUDE_IN_FRAMEWORK_HEADER = YES;
				CLANG_WARN_RANGE_LOOP_ANALYSIS = YES;
				CLANG_WARN_STRICT_PROTOTYPES = YES;
				CLANG_WARN_SUSPICIOUS_MOVE = YES;
				CLANG_WARN_UNGUARDED_AVAILABILITY = YES_AGGRESSIVE;
				CLANG_WARN_UNREACHABLE_CODE = YES;
				CLANG_WARN__DUPLICATE_METHOD_MATCH = YES;
				COPY_PHASE_STRIP = NO;
				DEBUG_INFORMATION_FORMAT = "dwarf-with-dsym";
				ENABLE_NS_ASSERTIONS = NO;
				ENABLE_STRICT_OBJC_MSGSEND = YES;
				GCC_C_LANGUAGE_STANDARD = gnu11;
				GCC_NO_COMMON_BLOCKS = YES;
				GCC_WARN_64_TO_32_BIT_CONVERSION = YES;
				GCC_WARN_ABOUT_RETURN_TYPE = YES_ERROR;
				GCC_WARN_UNDECLARED_SELECTOR = YES;
				GCC_WARN_UNINITIALIZED_AUTOS = YES_AGGRESSIVE;
				GCC_WARN_UNUSED_FUNCTION = YES;
				GCC_WARN_UNUSED_VARIABLE = YES;
				IPHONEOS_DEPLOYMENT_TARGET = 14.3;
				MTL_ENABLE_DEBUG_INFO = NO;
				MTL_FAST_MATH = YES;
				SDKROOT = iphoneos;
				SWIFT_COMPILATION_MODE = wholemodule;
				SWIFT_OPTIMIZATION_LEVEL = "-O";
				VALIDATE_PRODUCT = YES;
			};
			name = Release;
		};
		A3EF0AA525E02D5B004BD402 /* Debug */ = {
			isa = XCBuildConfiguration;
			buildSettings = {
				ASSETCATALOG_COMPILER_APPICON_NAME = AppIcon;
				ASSETCATALOG_COMPILER_GLOBAL_ACCENT_COLOR_NAME = AccentColor;
				CODE_SIGN_STYLE = Automatic;
				DEVELOPMENT_TEAM = 8ZMU9U4BUZ;
				INFOPLIST_FILE = Walkthrough/Info.plist;
				LD_RUNPATH_SEARCH_PATHS = (
					"$(inherited)",
					"@executable_path/Frameworks",
				);
				PRODUCT_BUNDLE_IDENTIFIER = com.ameedsayeh.Walkthrough;
				PRODUCT_NAME = "$(TARGET_NAME)";
				SWIFT_VERSION = 5.0;
				TARGETED_DEVICE_FAMILY = "1,2";
			};
			name = Debug;
		};
		A3EF0AA625E02D5B004BD402 /* Release */ = {
			isa = XCBuildConfiguration;
			buildSettings = {
				ASSETCATALOG_COMPILER_APPICON_NAME = AppIcon;
				ASSETCATALOG_COMPILER_GLOBAL_ACCENT_COLOR_NAME = AccentColor;
				CODE_SIGN_STYLE = Automatic;
				DEVELOPMENT_TEAM = 8ZMU9U4BUZ;
				INFOPLIST_FILE = Walkthrough/Info.plist;
				LD_RUNPATH_SEARCH_PATHS = (
					"$(inherited)",
					"@executable_path/Frameworks",
				);
				PRODUCT_BUNDLE_IDENTIFIER = com.ameedsayeh.Walkthrough;
				PRODUCT_NAME = "$(TARGET_NAME)";
				SWIFT_VERSION = 5.0;
				TARGETED_DEVICE_FAMILY = "1,2";
			};
			name = Release;
		};
/* End XCBuildConfiguration section */

/* Begin XCConfigurationList section */
		A3EF0A8B25E02D59004BD402 /* Build configuration list for PBXProject "Walkthrough" */ = {
			isa = XCConfigurationList;
			buildConfigurations = (
				A3EF0AA225E02D5B004BD402 /* Debug */,
				A3EF0AA325E02D5B004BD402 /* Release */,
			);
			defaultConfigurationIsVisible = 0;
			defaultConfigurationName = Release;
		};
		A3EF0AA425E02D5B004BD402 /* Build configuration list for PBXNativeTarget "Walkthrough" */ = {
			isa = XCConfigurationList;
			buildConfigurations = (
				A3EF0AA525E02D5B004BD402 /* Debug */,
				A3EF0AA625E02D5B004BD402 /* Release */,
			);
			defaultConfigurationIsVisible = 0;
			defaultConfigurationName = Release;
		};
/* End XCConfigurationList section */
	};
	rootObject = A3EF0A8825E02D59004BD402 /* Project object */;
}
